
Microsoft Visual Studio Solution File, Format Version 12.00
# Visual Studio Version 17
VisualStudioVersion = 17.8.34511.84
MinimumVisualStudioVersion = 10.0.40219.1
Project("{FAE04EC0-301F-11D3-BF4B-00C04F79EFBC}") = "Задание 10", "Задание 10\Задание 10.csproj", "{4712685F-7CB4-4A61-8483-938963292C3E}"
EndProject
Global
	GlobalSection(SolutionConfigurationPlatforms) = preSolution
		Debug|Any CPU = Debug|Any CPU
		Release|Any CPU = Release|Any CPU
	EndGlobalSection
	GlobalSection(ProjectConfigurationPlatforms) = postSolution
		{4712685F-7CB4-4A61-8483-938963292C3E}.Debug|Any CPU.ActiveCfg = Debug|Any CPU
		{4712685F-7CB4-4A61-8483-938963292C3E}.Debug|Any CPU.Build.0 = Debug|Any CPU
		{4712685F-7CB4-4A61-8483-938963292C3E}.Release|Any CPU.ActiveCfg = Release|Any CPU
		{4712685F-7CB4-4A61-8483-938963292C3E}.Release|Any CPU.Build.0 = Release|Any CPU
	EndGlobalSection
	GlobalSection(SolutionProperties) = preSolution
		HideSolutionNode = FALSE
	EndGlobalSection
	GlobalSection(ExtensibilityGlobals) = postSolution
		SolutionGuid = {8B0AD5AF-9407-4D5E-B76E-18EC3E1F2497}
	EndGlobalSection
EndGlobal
